// !$*UTF8*$!
{
	archiveVersion = 1;
	classes = {
	};
	objectVersion = 46;
	objects = {

/* Begin PBXBuildFile section */
		4EFF66D41C870B1400F564D7 /* AppDelegate.swift in Sources */ = {isa = PBXBuildFile; fileRef = 4EFF66D31C870B1400F564D7 /* AppDelegate.swift */; };
		4EFF66D61C870B1400F564D7 /* ViewController.swift in Sources */ = {isa = PBXBuildFile; fileRef = 4EFF66D51C870B1400F564D7 /* ViewController.swift */; };
		4EFF66D91C870B1400F564D7 /* Main.storyboard in Resources */ = {isa = PBXBuildFile; fileRef = 4EFF66D71C870B1400F564D7 /* Main.storyboard */; };
		4EFF66DC1C870B1400F564D7 /* HitList.xcdatamodeld in Sources */ = {isa = PBXBuildFile; fileRef = 4EFF66DA1C870B1400F564D7 /* HitList.xcdatamodeld */; };
		4EFF66DE1C870B1400F564D7 /* Assets.xcassets in Resources */ = {isa = PBXBuildFile; fileRef = 4EFF66DD1C870B1400F564D7 /* Assets.xcassets */; };
		4EFF66E11C870B1400F564D7 /* LaunchScreen.storyboard in Resources */ = {isa = PBXBuildFile; fileRef = 4EFF66DF1C870B1400F564D7 /* LaunchScreen.storyboard */; };
		4EFF66EC1C870B1400F564D7 /* HitListTests.swift in Sources */ = {isa = PBXBuildFile; fileRef = 4EFF66EB1C870B1400F564D7 /* HitListTests.swift */; };
		4EFF66F71C870B1400F564D7 /* HitListUITests.swift in Sources */ = {isa = PBXBuildFile; fileRef = 4EFF66F61C870B1400F564D7 /* HitListUITests.swift */; };
/* End PBXBuildFile section */

/* Begin PBXContainerItemProxy section */
		4EFF66E81C870B1400F564D7 /* PBXContainerItemProxy */ = {
			isa = PBXContainerItemProxy;
			containerPortal = 4EFF66C81C870B1400F564D7 /* Project object */;
			proxyType = 1;
			remoteGlobalIDString = 4EFF66CF1C870B1400F564D7;
			remoteInfo = HitList;
		};
		4EFF66F31C870B1400F564D7 /* PBXContainerItemProxy */ = {
			isa = PBXContainerItemProxy;
			containerPortal = 4EFF66C81C870B1400F564D7 /* Project object */;
			proxyType = 1;
			remoteGlobalIDString = 4EFF66CF1C870B1400F564D7;
			remoteInfo = HitList;
		};
/* End PBXContainerItemProxy section */

/* Begin PBXFileReference section */
		4EFF66D01C870B1400F564D7 /* HitList.app */ = {isa = PBXFileReference; explicitFileType = wrapper.application; includeInIndex = 0; path = HitList.app; sourceTree = BUILT_PRODUCTS_DIR; };
		4EFF66D31C870B1400F564D7 /* AppDelegate.swift */ = {isa = PBXFileReference; lastKnownFileType = sourcecode.swift; path = AppDelegate.swift; sourceTree = "<group>"; };
		4EFF66D51C870B1400F564D7 /* ViewController.swift */ = {isa = PBXFileReference; lastKnownFileType = sourcecode.swift; path = ViewController.swift; sourceTree = "<group>"; };
		4EFF66D81C870B1400F564D7 /* Base */ = {isa = PBXFileReference; lastKnownFileType = file.storyboard; name = Base; path = Base.lproj/Main.storyboard; sourceTree = "<group>"; };
		4EFF66DB1C870B1400F564D7 /* HitList.xcdatamodel */ = {isa = PBXFileReference; lastKnownFileType = wrapper.xcdatamodel; path = HitList.xcdatamodel; sourceTree = "<group>"; };
		4EFF66DD1C870B1400F564D7 /* Assets.xcassets */ = {isa = PBXFileReference; lastKnownFileType = folder.assetcatalog; path = Assets.xcassets; sourceTree = "<group>"; };
		4EFF66E01C870B1400F564D7 /* Base */ = {isa = PBXFileReference; lastKnownFileType = file.storyboard; name = Base; path = Base.lproj/LaunchScreen.storyboard; sourceTree = "<group>"; };
		4EFF66E21C870B1400F564D7 /* Info.plist */ = {isa = PBXFileReference; lastKnownFileType = text.plist.xml; path = Info.plist; sourceTree = "<group>"; };
		4EFF66E71C870B1400F564D7 /* HitListTests.xctest */ = {isa = PBXFileReference; explicitFileType = wrapper.cfbundle; includeInIndex = 0; path = HitListTests.xctest; sourceTree = BUILT_PRODUCTS_DIR; };
		4EFF66EB1C870B1400F564D7 /* HitListTests.swift */ = {isa = PBXFileReference; lastKnownFileType = sourcecode.swift; path = HitListTests.swift; sourceTree = "<group>"; };
		4EFF66ED1C870B1400F564D7 /* Info.plist */ = {isa = PBXFileReference; lastKnownFileType = text.plist.xml; path = Info.plist; sourceTree = "<group>"; };
		4EFF66F21C870B1400F564D7 /* HitListUITests.xctest */ = {isa = PBXFileReference; explicitFileType = wrapper.cfbundle; includeInIndex = 0; path = HitListUITests.xctest; sourceTree = BUILT_PRODUCTS_DIR; };
		4EFF66F61C870B1400F564D7 /* HitListUITests.swift */ = {isa = PBXFileReference; lastKnownFileType = sourcecode.swift; path = HitListUITests.swift; sourceTree = "<group>"; };
		4EFF66F81C870B1400F564D7 /* Info.plist */ = {isa = PBXFileReference; lastKnownFileType = text.plist.xml; path = Info.plist; sourceTree = "<group>"; };
/* End PBXFileReference section */

/* Begin PBXFrameworksBuildPhase section */
		4EFF66CD1C870B1400F564D7 /* Frameworks */ = {
			isa = PBXFrameworksBuildPhase;
			buildActionMask = 2147483647;
			files = (
			);
			runOnlyForDeploymentPostprocessing = 0;
		};
		4EFF66E41C870B1400F564D7 /* Frameworks */ = {
			isa = PBXFrameworksBuildPhase;
			buildActionMask = 2147483647;
			files = (
			);
			runOnlyForDeploymentPostprocessing = 0;
		};
		4EFF66EF1C870B1400F564D7 /* Frameworks */ = {
			isa = PBXFrameworksBuildPhase;
			buildActionMask = 2147483647;
			files = (
			);
			runOnlyForDeploymentPostprocessing = 0;
		};
/* End PBXFrameworksBuildPhase section */

/* Begin PBXGroup section */
		4EFF66C71C870B1400F564D7 = {
			isa = PBXGroup;
			children = (
				4EFF66D21C870B1400F564D7 /* HitList */,
				4EFF66EA1C870B1400F564D7 /* HitListTests */,
				4EFF66F51C870B1400F564D7 /* HitListUITests */,
				4EFF66D11C870B1400F564D7 /* Products */,
			);
			sourceTree = "<group>";
		};
		4EFF66D11C870B1400F564D7 /* Products */ = {
			isa = PBXGroup;
			children = (
				4EFF66D01C870B1400F564D7 /* HitList.app */,
				4EFF66E71C870B1400F564D7 /* HitListTests.xctest */,
				4EFF66F21C870B1400F564D7 /* HitListUITests.xctest */,
			);
			name = Products;
			sourceTree = "<group>";
		};
		4EFF66D21C870B1400F564D7 /* HitList */ = {
			isa = PBXGroup;
			children = (
				4EFF66D31C870B1400F564D7 /* AppDelegate.swift */,
				4EFF66D51C870B1400F564D7 /* ViewController.swift */,
				4EFF66D71C870B1400F564D7 /* Main.storyboard */,
				4EFF66DD1C870B1400F564D7 /* Assets.xcassets */,
				4EFF66DF1C870B1400F564D7 /* LaunchScreen.storyboard */,
				4EFF66E21C870B1400F564D7 /* Info.plist */,
				4EFF66DA1C870B1400F564D7 /* HitList.xcdatamodeld */,
			);
			path = HitList;
			sourceTree = "<group>";
		};
		4EFF66EA1C870B1400F564D7 /* HitListTests */ = {
			isa = PBXGroup;
			children = (
				4EFF66EB1C870B1400F564D7 /* HitListTests.swift */,
				4EFF66ED1C870B1400F564D7 /* Info.plist */,
			);
			path = HitListTests;
			sourceTree = "<group>";
		};
		4EFF66F51C870B1400F564D7 /* HitListUITests */ = {
			isa = PBXGroup;
			children = (
				4EFF66F61C870B1400F564D7 /* HitListUITests.swift */,
				4EFF66F81C870B1400F564D7 /* Info.plist */,
			);
			path = HitListUITests;
			sourceTree = "<group>";
		};
/* End PBXGroup section */

/* Begin PBXNativeTarget section */
		4EFF66CF1C870B1400F564D7 /* HitList */ = {
			isa = PBXNativeTarget;
			buildConfigurationList = 4EFF66FB1C870B1400F564D7 /* Build configuration list for PBXNativeTarget "HitList" */;
			buildPhases = (
				4EFF66CC1C870B1400F564D7 /* Sources */,
				4EFF66CD1C870B1400F564D7 /* Frameworks */,
				4EFF66CE1C870B1400F564D7 /* Resources */,
			);
			buildRules = (
			);
			dependencies = (
			);
			name = HitList;
			productName = HitList;
			productReference = 4EFF66D01C870B1400F564D7 /* HitList.app */;
			productType = "com.apple.product-type.application";
		};
		4EFF66E61C870B1400F564D7 /* HitListTests */ = {
			isa = PBXNativeTarget;
			buildConfigurationList = 4EFF66FE1C870B1400F564D7 /* Build configuration list for PBXNativeTarget "HitListTests" */;
			buildPhases = (
				4EFF66E31C870B1400F564D7 /* Sources */,
				4EFF66E41C870B1400F564D7 /* Frameworks */,
				4EFF66E51C870B1400F564D7 /* Resources */,
			);
			buildRules = (
			);
			dependencies = (
				4EFF66E91C870B1400F564D7 /* PBXTargetDependency */,
			);
			name = HitListTests;
			productName = HitListTests;
			productReference = 4EFF66E71C870B1400F564D7 /* HitListTests.xctest */;
			productType = "com.apple.product-type.bundle.unit-test";
		};
		4EFF66F11C870B1400F564D7 /* HitListUITests */ = {
			isa = PBXNativeTarget;
			buildConfigurationList = 4EFF67011C870B1400F564D7 /* Build configuration list for PBXNativeTarget "HitListUITests" */;
			buildPhases = (
				4EFF66EE1C870B1400F564D7 /* Sources */,
				4EFF66EF1C870B1400F564D7 /* Frameworks */,
				4EFF66F01C870B1400F564D7 /* Resources */,
			);
			buildRules = (
			);
			dependencies = (
				4EFF66F41C870B1400F564D7 /* PBXTargetDependency */,
			);
			name = HitListUITests;
			productName = HitListUITests;
			productReference = 4EFF66F21C870B1400F564D7 /* HitListUITests.xctest */;
			productType = "com.apple.product-type.bundle.ui-testing";
		};
/* End PBXNativeTarget section */

/* Begin PBXProject section */
		4EFF66C81C870B1400F564D7 /* Project object */ = {
			isa = PBXProject;
			attributes = {
				LastSwiftUpdateCheck = 0720;
				LastUpgradeCheck = 0720;
				ORGANIZATIONNAME = allperr;
				TargetAttributes = {
					4EFF66CF1C870B1400F564D7 = {
						CreatedOnToolsVersion = 7.2.1;
						DevelopmentTeam = 4B72B6ARQW;
					};
					4EFF66E61C870B1400F564D7 = {
						CreatedOnToolsVersion = 7.2.1;
						DevelopmentTeam = 4B72B6ARQW;
						TestTargetID = 4EFF66CF1C870B1400F564D7;
					};
					4EFF66F11C870B1400F564D7 = {
						CreatedOnToolsVersion = 7.2.1;
						DevelopmentTeam = 4B72B6ARQW;
						TestTargetID = 4EFF66CF1C870B1400F564D7;
					};
				};
			};
			buildConfigurationList = 4EFF66CB1C870B1400F564D7 /* Build configuration list for PBXProject "HitList" */;
			compatibilityVersion = "Xcode 3.2";
			developmentRegion = English;
			hasScannedForEncodings = 0;
			knownRegions = (
				en,
				Base,
			);
			mainGroup = 4EFF66C71C870B1400F564D7;
			productRefGroup = 4EFF66D11C870B1400F564D7 /* Products */;
			projectDirPath = "";
			projectRoot = "";
			targets = (
				4EFF66CF1C870B1400F564D7 /* HitList */,
				4EFF66E61C870B1400F564D7 /* HitListTests */,
				4EFF66F11C870B1400F564D7 /* HitListUITests */,
			);
		};
/* End PBXProject section */

/* Begin PBXResourcesBuildPhase section */
		4EFF66CE1C870B1400F564D7 /* Resources */ = {
			isa = PBXResourcesBuildPhase;
			buildActionMask = 2147483647;
			files = (
				4EFF66E11C870B1400F564D7 /* LaunchScreen.storyboard in Resources */,
				4EFF66DE1C870B1400F564D7 /* Assets.xcassets in Resources */,
				4EFF66D91C870B1400F564D7 /* Main.storyboard in Resources */,
			);
			runOnlyForDeploymentPostprocessing = 0;
		};
		4EFF66E51C870B1400F564D7 /* Resources */ = {
			isa = PBXResourcesBuildPhase;
			buildActionMask = 2147483647;
			files = (
			);
			runOnlyForDeploymentPostprocessing = 0;
		};
		4EFF66F01C870B1400F564D7 /* Resources */ = {
			isa = PBXResourcesBuildPhase;
			buildActionMask = 2147483647;
			files = (
			);
			runOnlyForDeploymentPostprocessing = 0;
		};
/* End PBXResourcesBuildPhase section */

/* Begin PBXSourcesBuildPhase section */
		4EFF66CC1C870B1400F564D7 /* Sources */ = {
			isa = PBXSourcesBuildPhase;
			buildActionMask = 2147483647;
			files = (
				4EFF66DC1C870B1400F564D7 /* HitList.xcdatamodeld in Sources */,
				4EFF66D61C870B1400F564D7 /* ViewController.swift in Sources */,
				4EFF66D41C870B1400F564D7 /* AppDelegate.swift in Sources */,
			);
			runOnlyForDeploymentPostprocessing = 0;
		};
		4EFF66E31C870B1400F564D7 /* Sources */ = {
			isa = PBXSourcesBuildPhase;
			buildActionMask = 2147483647;
			files = (
				4EFF66EC1C870B1400F564D7 /* HitListTests.swift in Sources */,
			);
			runOnlyForDeploymentPostprocessing = 0;
		};
		4EFF66EE1C870B1400F564D7 /* Sources */ = {
			isa = PBXSourcesBuildPhase;
			buildActionMask = 2147483647;
			files = (
				4EFF66F71C870B1400F564D7 /* HitListUITests.swift in Sources */,
			);
			runOnlyForDeploymentPostprocessing = 0;
		};
/* End PBXSourcesBuildPhase section */

/* Begin PBXTargetDependency section */
		4EFF66E91C870B1400F564D7 /* PBXTargetDependency */ = {
			isa = PBXTargetDependency;
			target = 4EFF66CF1C870B1400F564D7 /* HitList */;
			targetProxy = 4EFF66E81C870B1400F564D7 /* PBXContainerItemProxy */;
		};
		4EFF66F41C870B1400F564D7 /* PBXTargetDependency */ = {
			isa = PBXTargetDependency;
			target = 4EFF66CF1C870B1400F564D7 /* HitList */;
			targetProxy = 4EFF66F31C870B1400F564D7 /* PBXContainerItemProxy */;
		};
/* End PBXTargetDependency section */

/* Begin PBXVariantGroup section */
		4EFF66D71C870B1400F564D7 /* Main.storyboard */ = {
			isa = PBXVariantGroup;
			children = (
				4EFF66D81C870B1400F564D7 /* Base */,
			);
			name = Main.storyboard;
			sourceTree = "<group>";
		};
		4EFF66DF1C870B1400F564D7 /* LaunchScreen.storyboard */ = {
			isa = PBXVariantGroup;
			children = (
				4EFF66E01C870B1400F564D7 /* Base */,
			);
			name = LaunchScreen.storyboard;
			sourceTree = "<group>";
		};
/* End PBXVariantGroup section */

/* Begin XCBuildConfiguration section */
		4EFF66F91C870B1400F564D7 /* Debug */ = {
			isa = XCBuildConfiguration;
			buildSettings = {
				ALWAYS_SEARCH_USER_PATHS = NO;
				CLANG_CXX_LANGUAGE_STANDARD = "gnu++0x";
				CLANG_CXX_LIBRARY = "libc++";
				CLANG_ENABLE_MODULES = YES;
				CLANG_ENABLE_OBJC_ARC = YES;
				CLANG_WARN_BOOL_CONVERSION = YES;
				CLANG_WARN_CONSTANT_CONVERSION = YES;
				CLANG_WARN_DIRECT_OBJC_ISA_USAGE = YES_ERROR;
				CLANG_WARN_EMPTY_BODY = YES;
				CLANG_WARN_ENUM_CONVERSION = YES;
				CLANG_WARN_INT_CONVERSION = YES;
				CLANG_WARN_OBJC_ROOT_CLASS = YES_ERROR;
				CLANG_WARN_UNREACHABLE_CODE = YES;
				CLANG_WARN__DUPLICATE_METHOD_MATCH = YES;
				"CODE_SIGN_IDENTITY[sdk=iphoneos*]" = "iPhone Developer";
				COPY_PHASE_STRIP = NO;
				DEBUG_INFORMATION_FORMAT = dwarf;
				ENABLE_STRICT_OBJC_MSGSEND = YES;
				ENABLE_TESTABILITY = YES;
				GCC_C_LANGUAGE_STANDARD = gnu99;
				GCC_DYNAMIC_NO_PIC = NO;
				GCC_NO_COMMON_BLOCKS = YES;
				GCC_OPTIMIZATION_LEVEL = 0;
				GCC_PREPROCESSOR_DEFINITIONS = (
					"DEBUG=1",
					"$(inherited)",
				);
				GCC_WARN_64_TO_32_BIT_CONVERSION = YES;
				GCC_WARN_ABOUT_RETURN_TYPE = YES_ERROR;
				GCC_WARN_UNDECLARED_SELECTOR = YES;
				GCC_WARN_UNINITIALIZED_AUTOS = YES_AGGRESSIVE;
				GCC_WARN_UNUSED_FUNCTION = YES;
				GCC_WARN_UNUSED_VARIABLE = YES;
				IPHONEOS_DEPLOYMENT_TARGET = 9.2;
				MTL_ENABLE_DEBUG_INFO = YES;
				ONLY_ACTIVE_ARCH = YES;
				SDKROOT = iphoneos;
				SWIFT_OPTIMIZATION_LEVEL = "-Onone";
				TARGETED_DEVICE_FAMILY = "1,2";
			};
			name = Debug;
		};
		4EFF66FA1C870B1400F564D7 /* Release */ = {
			isa = XCBuildConfiguration;
			buildSettings = {
				ALWAYS_SEARCH_USER_PATHS = NO;
				CLANG_CXX_LANGUAGE_STANDARD = "gnu++0x";
				CLANG_CXX_LIBRARY = "libc++";
				CLANG_ENABLE_MODULES = YES;
				CLANG_ENABLE_OBJC_ARC = YES;
				CLANG_WARN_BOOL_CONVERSION = YES;
				CLANG_WARN_CONSTANT_CONVERSION = YES;
				CLANG_WARN_DIRECT_OBJC_ISA_USAGE = YES_ERROR;
				CLANG_WARN_EMPTY_BODY = YES;
				CLANG_WARN_ENUM_CONVERSION = YES;
				CLANG_WARN_INT_CONVERSION = YES;
				CLANG_WARN_OBJC_ROOT_CLASS = YES_ERROR;
				CLANG_WARN_UNREACHABLE_CODE = YES;
				CLANG_WARN__DUPLICATE_METHOD_MATCH = YES;
				"CODE_SIGN_IDENTITY[sdk=iphoneos*]" = "iPhone Developer";
				COPY_PHASE_STRIP = NO;
				DEBUG_INFORMATION_FORMAT = "dwarf-with-dsym";
				ENABLE_NS_ASSERTIONS = NO;
				ENABLE_STRICT_OBJC_MSGSEND = YES;
				GCC_C_LANGUAGE_STANDARD = gnu99;
				GCC_NO_COMMON_BLOCKS = YES;
				GCC_WARN_64_TO_32_BIT_CONVERSION = YES;
				GCC_WARN_ABOUT_RETURN_TYPE = YES_ERROR;
				GCC_WARN_UNDECLARED_SELECTOR = YES;
				GCC_WARN_UNINITIALIZED_AUTOS = YES_AGGRESSIVE;
				GCC_WARN_UNUSED_FUNCTION = YES;
				GCC_WARN_UNUSED_VARIABLE = YES;
				IPHONEOS_DEPLOYMENT_TARGET = 9.2;
				MTL_ENABLE_DEBUG_INFO = NO;
				SDKROOT = iphoneos;
				TARGETED_DEVICE_FAMILY = "1,2";
				VALIDATE_PRODUCT = YES;
			};
			name = Release;
		};
		4EFF66FC1C870B1400F564D7 /* Debug */ = {
			isa = XCBuildConfiguration;
			buildSettings = {
				ASSETCATALOG_COMPILER_APPICON_NAME = AppIcon;
				INFOPLIST_FILE = HitList/Info.plist;
				IPHONEOS_DEPLOYMENT_TARGET = 9.1;
				LD_RUNPATH_SEARCH_PATHS = "$(inherited) @executable_path/Frameworks";
				PRODUCT_BUNDLE_IDENTIFIER = com.alper.HitList;
				PRODUCT_NAME = "$(TARGET_NAME)";
			};
			name = Debug;
		};
		4EFF66FD1C870B1400F564D7 /* Release */ = {
			isa = XCBuildConfiguration;
			buildSettings = {
				ASSETCATALOG_COMPILER_APPICON_NAME = AppIcon;
				INFOPLIST_FILE = HitList/Info.plist;
				IPHONEOS_DEPLOYMENT_TARGET = 9.1;
				LD_RUNPATH_SEARCH_PATHS = "$(inherited) @executable_path/Frameworks";
				PRODUCT_BUNDLE_IDENTIFIER = com.alper.HitList;
				PRODUCT_NAME = "$(TARGET_NAME)";
			};
			name = Release;
		};
		4EFF66FF1C870B1400F564D7 /* Debug */ = {
			isa = XCBuildConfiguration;
			buildSettings = {
				BUNDLE_LOADER = "$(TEST_HOST)";
				INFOPLIST_FILE = HitListTests/Info.plist;
				LD_RUNPATH_SEARCH_PATHS = "$(inherited) @executable_path/Frameworks @loader_path/Frameworks";
				PRODUCT_BUNDLE_IDENTIFIER = com.alper.HitListTests;
				PRODUCT_NAME = "$(TARGET_NAME)";
				TEST_HOST = "$(BUILT_PRODUCTS_DIR)/HitList.app/HitList";
			};
			name = Debug;
		};
		4EFF67001C870B1400F564D7 /* Release */ = {
			isa = XCBuildConfiguration;
			buildSettings = {
				BUNDLE_LOADER = "$(TEST_HOST)";
				INFOPLIST_FILE = HitListTests/Info.plist;
				LD_RUNPATH_SEARCH_PATHS = "$(inherited) @executable_path/Frameworks @loader_path/Frameworks";
				PRODUCT_BUNDLE_IDENTIFIER = com.alper.HitListTests;
				PRODUCT_NAME = "$(TARGET_NAME)";
				TEST_HOST = "$(BUILT_PRODUCTS_DIR)/HitList.app/HitList";
			};
			name = Release;
		};
		4EFF67021C870B1400F564D7 /* Debug */ = {
			isa = XCBuildConfiguration;
			buildSettings = {
				INFOPLIST_FILE = HitListUITests/Info.plist;
				LD_RUNPATH_SEARCH_PATHS = "$(inherited) @executable_path/Frameworks @loader_path/Frameworks";
				PRODUCT_BUNDLE_IDENTIFIER = com.alper.HitListUITests;
				PRODUCT_NAME = "$(TARGET_NAME)";
				TEST_TARGET_NAME = HitList;
				USES_XCTRUNNER = YES;
			};
			name = Debug;
		};
		4EFF67031C870B1400F564D7 /* Release */ = {
			isa = XCBuildConfiguration;
			buildSettings = {
				INFOPLIST_FILE = HitListUITests/Info.plist;
				LD_RUNPATH_SEARCH_PATHS = "$(inherited) @executable_path/Frameworks @loader_path/Frameworks";
				PRODUCT_BUNDLE_IDENTIFIER = com.alper.HitListUITests;
				PRODUCT_NAME = "$(TARGET_NAME)";
				TEST_TARGET_NAME = HitList;
				USES_XCTRUNNER = YES;
			};
			name = Release;
		};
/* End XCBuildConfiguration section */

/* Begin XCConfigurationList section */
		4EFF66CB1C870B1400F564D7 /* Build configuration list for PBXProject "HitList" */ = {
			isa = XCConfigurationList;
			buildConfigurations = (
				4EFF66F91C870B1400F564D7 /* Debug */,
				4EFF66FA1C870B1400F564D7 /* Release */,
			);
			defaultConfigurationIsVisible = 0;
			defaultConfigurationName = Release;
		};
		4EFF66FB1C870B1400F564D7 /* Build configuration list for PBXNativeTarget "HitList" */ = {
			isa = XCConfigurationList;
			buildConfigurations = (
				4EFF66FC1C870B1400F564D7 /* Debug */,
				4EFF66FD1C870B1400F564D7 /* Release */,
			);
			defaultConfigurationIsVisible = 0;
		};
		4EFF66FE1C870B1400F564D7 /* Build configuration list for PBXNativeTarget "HitListTests" */ = {
			isa = XCConfigurationList;
			buildConfigurations = (
				4EFF66FF1C870B1400F564D7 /* Debug */,
				4EFF67001C870B1400F564D7 /* Release */,
			);
			defaultConfigurationIsVisible = 0;
		};
		4EFF67011C870B1400F564D7 /* Build configuration list for PBXNativeTarget "HitListUITests" */ = {
			isa = XCConfigurationList;
			buildConfigurations = (
				4EFF67021C870B1400F564D7 /* Debug */,
				4EFF67031C870B1400F564D7 /* Release */,
			);
			defaultConfigurationIsVisible = 0;
		};
/* End XCConfigurationList section */

/* Begin XCVersionGroup section */
		4EFF66DA1C870B1400F564D7 /* HitList.xcdatamodeld */ = {
			isa = XCVersionGroup;
			children = (
				4EFF66DB1C870B1400F564D7 /* HitList.xcdatamodel */,
			);
			currentVersion = 4EFF66DB1C870B1400F564D7 /* HitList.xcdatamodel */;
			path = HitList.xcdatamodeld;
			sourceTree = "<group>";
			versionGroupType = wrapper.xcdatamodel;
		};
/* End XCVersionGroup section */
	};
	rootObject = 4EFF66C81C870B1400F564D7 /* Project object */;
}
